// !$*UTF8*$!
{
	archiveVersion = 1;
	classes = {
	};
	objectVersion = 46;
	objects = {

/* Begin PBXBuildFile section */
		3AE69F956493231DF152B314 /* Pods_Pilot_Invitee.framework in Frameworks */ = {isa = PBXBuildFile; fileRef = 38C41EC07D9AFBE4AB5C7A97 /* Pods_Pilot_Invitee.framework */; };
		90066AD81F7F18880019A637 /* TranslationLayer.swift in Sources */ = {isa = PBXBuildFile; fileRef = 90066AD71F7F18880019A637 /* TranslationLayer.swift */; };
		90066ADA1F7F1A860019A637 /* ModelLayer.swift in Sources */ = {isa = PBXBuildFile; fileRef = 90066AD91F7F1A860019A637 /* ModelLayer.swift */; };
		900A06D21F76C0E400F93496 /* LocationSearchController.swift in Sources */ = {isa = PBXBuildFile; fileRef = 900A06D11F76C0E400F93496 /* LocationSearchController.swift */; };
		900A06D41F76C79D00F93496 /* LocationSearchPresenter.swift in Sources */ = {isa = PBXBuildFile; fileRef = 900A06D31F76C79D00F93496 /* LocationSearchPresenter.swift */; };
		901512741F7DCD8E00C388CF /* BusinessMasterPresenter.swift in Sources */ = {isa = PBXBuildFile; fileRef = 901512731F7DCD8E00C388CF /* BusinessMasterPresenter.swift */; };
		90D0C9B81F78733700B80694 /* Extensions.swift in Sources */ = {isa = PBXBuildFile; fileRef = 90D0C9B71F78733700B80694 /* Extensions.swift */; };
		90DAFA391F6C066200583DB2 /* AppDelegate.swift in Sources */ = {isa = PBXBuildFile; fileRef = 90DAFA381F6C066200583DB2 /* AppDelegate.swift */; };
		90DAFA3E1F6C066200583DB2 /* Main.storyboard in Resources */ = {isa = PBXBuildFile; fileRef = 90DAFA3C1F6C066200583DB2 /* Main.storyboard */; };
		90DAFA401F6C066200583DB2 /* Assets.xcassets in Resources */ = {isa = PBXBuildFile; fileRef = 90DAFA3F1F6C066200583DB2 /* Assets.xcassets */; };
		90DAFA431F6C066200583DB2 /* LaunchScreen.storyboard in Resources */ = {isa = PBXBuildFile; fileRef = 90DAFA411F6C066200583DB2 /* LaunchScreen.storyboard */; };
		90DAFA4E1F6C066200583DB2 /* Pilot_InviteeTests.swift in Sources */ = {isa = PBXBuildFile; fileRef = 90DAFA4D1F6C066200583DB2 /* Pilot_InviteeTests.swift */; };
		90DAFA591F6C066200583DB2 /* Pilot_InviteeUITests.swift in Sources */ = {isa = PBXBuildFile; fileRef = 90DAFA581F6C066200583DB2 /* Pilot_InviteeUITests.swift */; };
		90DAFA681F6C2BEC00583DB2 /* NetworkLayer.swift in Sources */ = {isa = PBXBuildFile; fileRef = 90DAFA671F6C2BEC00583DB2 /* NetworkLayer.swift */; };
		90DAFA6B1F6D8B1800583DB2 /* BusinessMasterController.swift in Sources */ = {isa = PBXBuildFile; fileRef = 90DAFA6A1F6D8B1800583DB2 /* BusinessMasterController.swift */; };
		90DAFA6E1F6D8BCB00583DB2 /* BusinessDetailController.swift in Sources */ = {isa = PBXBuildFile; fileRef = 90DAFA6D1F6D8BCB00583DB2 /* BusinessDetailController.swift */; };
		90DAFA731F6D8CB500583DB2 /* Business.swift in Sources */ = {isa = PBXBuildFile; fileRef = 90DAFA721F6D8CB500583DB2 /* Business.swift */; };
		90DAFA7B1F6DB37B00583DB2 /* BusinessCell.swift in Sources */ = {isa = PBXBuildFile; fileRef = 90DAFA791F6DB37B00583DB2 /* BusinessCell.swift */; };
		90DAFA7C1F6DB37B00583DB2 /* BusinessCell.xib in Resources */ = {isa = PBXBuildFile; fileRef = 90DAFA7A1F6DB37B00583DB2 /* BusinessCell.xib */; };
/* End PBXBuildFile section */

/* Begin PBXContainerItemProxy section */
		90DAFA4A1F6C066200583DB2 /* PBXContainerItemProxy */ = {
			isa = PBXContainerItemProxy;
			containerPortal = 90DAFA2D1F6C066200583DB2 /* Project object */;
			proxyType = 1;
			remoteGlobalIDString = 90DAFA341F6C066200583DB2;
			remoteInfo = Pilot_Invitee;
		};
		90DAFA551F6C066200583DB2 /* PBXContainerItemProxy */ = {
			isa = PBXContainerItemProxy;
			containerPortal = 90DAFA2D1F6C066200583DB2 /* Project object */;
			proxyType = 1;
			remoteGlobalIDString = 90DAFA341F6C066200583DB2;
			remoteInfo = Pilot_Invitee;
		};
/* End PBXContainerItemProxy section */

/* Begin PBXFileReference section */
		1F7ECF2614FD3AA4C3141EFE /* Pods-Pilot_Invitee.debug.xcconfig */ = {isa = PBXFileReference; includeInIndex = 1; lastKnownFileType = text.xcconfig; name = "Pods-Pilot_Invitee.debug.xcconfig"; path = "Pods/Target Support Files/Pods-Pilot_Invitee/Pods-Pilot_Invitee.debug.xcconfig"; sourceTree = "<group>"; };
		38C41EC07D9AFBE4AB5C7A97 /* Pods_Pilot_Invitee.framework */ = {isa = PBXFileReference; explicitFileType = wrapper.framework; includeInIndex = 0; path = Pods_Pilot_Invitee.framework; sourceTree = BUILT_PRODUCTS_DIR; };
		90066AD71F7F18880019A637 /* TranslationLayer.swift */ = {isa = PBXFileReference; lastKnownFileType = sourcecode.swift; name = TranslationLayer.swift; path = Pilot_Invitee/Translation/TranslationLayer.swift; sourceTree = "<group>"; };
		90066AD91F7F1A860019A637 /* ModelLayer.swift */ = {isa = PBXFileReference; lastKnownFileType = sourcecode.swift; name = ModelLayer.swift; path = Pilot_Invitee/Model/ModelLayer.swift; sourceTree = "<group>"; };
		900A06D11F76C0E400F93496 /* LocationSearchController.swift */ = {isa = PBXFileReference; lastKnownFileType = sourcecode.swift; name = LocationSearchController.swift; path = Pilot_Invitee/UI/LocationSearchController.swift; sourceTree = "<group>"; };
		900A06D31F76C79D00F93496 /* LocationSearchPresenter.swift */ = {isa = PBXFileReference; lastKnownFileType = sourcecode.swift; name = LocationSearchPresenter.swift; path = Pilot_Invitee/UI/LocationSearchPresenter.swift; sourceTree = "<group>"; };
		901512731F7DCD8E00C388CF /* BusinessMasterPresenter.swift */ = {isa = PBXFileReference; lastKnownFileType = sourcecode.swift; name = BusinessMasterPresenter.swift; path = Pilot_Invitee/UI/BusinessMasterPresenter.swift; sourceTree = "<group>"; };
		90D0C9B71F78733700B80694 /* Extensions.swift */ = {isa = PBXFileReference; lastKnownFileType = sourcecode.swift; path = Extensions.swift; sourceTree = "<group>"; };
		90DAFA351F6C066200583DB2 /* Pilot_Invitee.app */ = {isa = PBXFileReference; explicitFileType = wrapper.application; includeInIndex = 0; path = Pilot_Invitee.app; sourceTree = BUILT_PRODUCTS_DIR; };
		90DAFA381F6C066200583DB2 /* AppDelegate.swift */ = {isa = PBXFileReference; lastKnownFileType = sourcecode.swift; path = AppDelegate.swift; sourceTree = "<group>"; };
		90DAFA3D1F6C066200583DB2 /* Base */ = {isa = PBXFileReference; lastKnownFileType = file.storyboard; name = Base; path = Base.lproj/Main.storyboard; sourceTree = "<group>"; };
		90DAFA3F1F6C066200583DB2 /* Assets.xcassets */ = {isa = PBXFileReference; lastKnownFileType = folder.assetcatalog; path = Assets.xcassets; sourceTree = "<group>"; };
		90DAFA421F6C066200583DB2 /* Base */ = {isa = PBXFileReference; lastKnownFileType = file.storyboard; name = Base; path = Base.lproj/LaunchScreen.storyboard; sourceTree = "<group>"; };
		90DAFA441F6C066200583DB2 /* Info.plist */ = {isa = PBXFileReference; lastKnownFileType = text.plist.xml; path = Info.plist; sourceTree = "<group>"; };
		90DAFA491F6C066200583DB2 /* Pilot_InviteeTests.xctest */ = {isa = PBXFileReference; explicitFileType = wrapper.cfbundle; includeInIndex = 0; path = Pilot_InviteeTests.xctest; sourceTree = BUILT_PRODUCTS_DIR; };
		90DAFA4D1F6C066200583DB2 /* Pilot_InviteeTests.swift */ = {isa = PBXFileReference; lastKnownFileType = sourcecode.swift; path = Pilot_InviteeTests.swift; sourceTree = "<group>"; };
		90DAFA4F1F6C066200583DB2 /* Info.plist */ = {isa = PBXFileReference; lastKnownFileType = text.plist.xml; path = Info.plist; sourceTree = "<group>"; };
		90DAFA541F6C066200583DB2 /* Pilot_InviteeUITests.xctest */ = {isa = PBXFileReference; explicitFileType = wrapper.cfbundle; includeInIndex = 0; path = Pilot_InviteeUITests.xctest; sourceTree = BUILT_PRODUCTS_DIR; };
		90DAFA581F6C066200583DB2 /* Pilot_InviteeUITests.swift */ = {isa = PBXFileReference; lastKnownFileType = sourcecode.swift; path = Pilot_InviteeUITests.swift; sourceTree = "<group>"; };
		90DAFA5A1F6C066200583DB2 /* Info.plist */ = {isa = PBXFileReference; lastKnownFileType = text.plist.xml; path = Info.plist; sourceTree = "<group>"; };
		90DAFA671F6C2BEC00583DB2 /* NetworkLayer.swift */ = {isa = PBXFileReference; fileEncoding = 4; lastKnownFileType = sourcecode.swift; name = NetworkLayer.swift; path = Pilot_Invitee/Network/NetworkLayer.swift; sourceTree = "<group>"; };
		90DAFA6A1F6D8B1800583DB2 /* BusinessMasterController.swift */ = {isa = PBXFileReference; fileEncoding = 4; lastKnownFileType = sourcecode.swift; name = BusinessMasterController.swift; path = Pilot_Invitee/UI/BusinessMasterController.swift; sourceTree = "<group>"; };
		90DAFA6D1F6D8BCB00583DB2 /* BusinessDetailController.swift */ = {isa = PBXFileReference; fileEncoding = 4; lastKnownFileType = sourcecode.swift; name = BusinessDetailController.swift; path = Pilot_Invitee/UI/BusinessDetailController.swift; sourceTree = "<group>"; };
		90DAFA721F6D8CB500583DB2 /* Business.swift */ = {isa = PBXFileReference; fileEncoding = 4; lastKnownFileType = sourcecode.swift; name = Business.swift; path = Pilot_Invitee/Model/Business.swift; sourceTree = "<group>"; };
		90DAFA791F6DB37B00583DB2 /* BusinessCell.swift */ = {isa = PBXFileReference; fileEncoding = 4; lastKnownFileType = sourcecode.swift; name = BusinessCell.swift; path = Pilot_Invitee/UI/BusinessCell.swift; sourceTree = "<group>"; };
		90DAFA7A1F6DB37B00583DB2 /* BusinessCell.xib */ = {isa = PBXFileReference; fileEncoding = 4; lastKnownFileType = file.xib; name = BusinessCell.xib; path = Pilot_Invitee/UI/BusinessCell.xib; sourceTree = "<group>"; };
		92F88533AE3D57E9FFF63A84 /* Pods-Pilot_Invitee.release.xcconfig */ = {isa = PBXFileReference; includeInIndex = 1; lastKnownFileType = text.xcconfig; name = "Pods-Pilot_Invitee.release.xcconfig"; path = "Pods/Target Support Files/Pods-Pilot_Invitee/Pods-Pilot_Invitee.release.xcconfig"; sourceTree = "<group>"; };
/* End PBXFileReference section */

/* Begin PBXFrameworksBuildPhase section */
		90DAFA321F6C066200583DB2 /* Frameworks */ = {
			isa = PBXFrameworksBuildPhase;
			buildActionMask = 2147483647;
			files = (
				3AE69F956493231DF152B314 /* Pods_Pilot_Invitee.framework in Frameworks */,
			);
			runOnlyForDeploymentPostprocessing = 0;
		};
		90DAFA461F6C066200583DB2 /* Frameworks */ = {
			isa = PBXFrameworksBuildPhase;
			buildActionMask = 2147483647;
			files = (
			);
			runOnlyForDeploymentPostprocessing = 0;
		};
		90DAFA511F6C066200583DB2 /* Frameworks */ = {
			isa = PBXFrameworksBuildPhase;
			buildActionMask = 2147483647;
			files = (
			);
			runOnlyForDeploymentPostprocessing = 0;
		};
/* End PBXFrameworksBuildPhase section */

/* Begin PBXGroup section */
		1A1B0CD7695CFE8F0123E060 /* Frameworks */ = {
			isa = PBXGroup;
			children = (
				38C41EC07D9AFBE4AB5C7A97 /* Pods_Pilot_Invitee.framework */,
			);
			name = Frameworks;
			sourceTree = "<group>";
		};
		8FA68C653361D45A1C8C81A6 /* Pods */ = {
			isa = PBXGroup;
			children = (
				1F7ECF2614FD3AA4C3141EFE /* Pods-Pilot_Invitee.debug.xcconfig */,
				92F88533AE3D57E9FFF63A84 /* Pods-Pilot_Invitee.release.xcconfig */,
			);
			name = Pods;
			sourceTree = "<group>";
		};
		90066AD61F7F18450019A637 /* Translation */ = {
			isa = PBXGroup;
			children = (
				90066AD71F7F18880019A637 /* TranslationLayer.swift */,
			);
			name = Translation;
			sourceTree = "<group>";
		};
		900A06D01F769EBD00F93496 /* LocationController */ = {
			isa = PBXGroup;
			children = (
				900A06D11F76C0E400F93496 /* LocationSearchController.swift */,
				900A06D31F76C79D00F93496 /* LocationSearchPresenter.swift */,
			);
			name = LocationController;
			sourceTree = "<group>";
		};
		90D0C9B61F78729400B80694 /* Supporting Classes */ = {
			isa = PBXGroup;
			children = (
				90D0C9B71F78733700B80694 /* Extensions.swift */,
			);
			path = "Supporting Classes";
			sourceTree = "<group>";
		};
		90DAFA2C1F6C066200583DB2 = {
			isa = PBXGroup;
			children = (
				90D0C9B61F78729400B80694 /* Supporting Classes */,
				90DAFA6F1F6D8C1100583DB2 /* Model */,
				90DAFA691F6D8A6300583DB2 /* UI */,
				90DAFA371F6C066200583DB2 /* Pilot_Invitee */,
				90DAFA4C1F6C066200583DB2 /* Pilot_InviteeTests */,
				90DAFA571F6C066200583DB2 /* Pilot_InviteeUITests */,
				90DAFA361F6C066200583DB2 /* Products */,
				8FA68C653361D45A1C8C81A6 /* Pods */,
				1A1B0CD7695CFE8F0123E060 /* Frameworks */,
			);
			sourceTree = "<group>";
		};
		90DAFA361F6C066200583DB2 /* Products */ = {
			isa = PBXGroup;
			children = (
				90DAFA351F6C066200583DB2 /* Pilot_Invitee.app */,
				90DAFA491F6C066200583DB2 /* Pilot_InviteeTests.xctest */,
				90DAFA541F6C066200583DB2 /* Pilot_InviteeUITests.xctest */,
			);
			name = Products;
			sourceTree = "<group>";
		};
		90DAFA371F6C066200583DB2 /* Pilot_Invitee */ = {
			isa = PBXGroup;
			children = (
				90DAFA381F6C066200583DB2 /* AppDelegate.swift */,
				90DAFA3C1F6C066200583DB2 /* Main.storyboard */,
				90DAFA3F1F6C066200583DB2 /* Assets.xcassets */,
				90DAFA411F6C066200583DB2 /* LaunchScreen.storyboard */,
				90DAFA441F6C066200583DB2 /* Info.plist */,
			);
			path = Pilot_Invitee;
			sourceTree = "<group>";
		};
		90DAFA4C1F6C066200583DB2 /* Pilot_InviteeTests */ = {
			isa = PBXGroup;
			children = (
				90DAFA4D1F6C066200583DB2 /* Pilot_InviteeTests.swift */,
				90DAFA4F1F6C066200583DB2 /* Info.plist */,
			);
			path = Pilot_InviteeTests;
			sourceTree = "<group>";
		};
		90DAFA571F6C066200583DB2 /* Pilot_InviteeUITests */ = {
			isa = PBXGroup;
			children = (
				90DAFA581F6C066200583DB2 /* Pilot_InviteeUITests.swift */,
				90DAFA5A1F6C066200583DB2 /* Info.plist */,
			);
			path = Pilot_InviteeUITests;
			sourceTree = "<group>";
		};
		90DAFA661F6C2BB400583DB2 /* Network */ = {
			isa = PBXGroup;
			children = (
				90DAFA671F6C2BEC00583DB2 /* NetworkLayer.swift */,
			);
			name = Network;
			sourceTree = "<group>";
		};
		90DAFA691F6D8A6300583DB2 /* UI */ = {
			isa = PBXGroup;
			children = (
				900A06D01F769EBD00F93496 /* LocationController */,
				90DAFA741F6D8DB000583DB2 /* BusinessCell */,
				90DAFA6C1F6D8B8C00583DB2 /* BusinessController */,
			);
			name = UI;
			sourceTree = "<group>";
		};
		90DAFA6C1F6D8B8C00583DB2 /* BusinessController */ = {
			isa = PBXGroup;
			children = (
				90DAFA6A1F6D8B1800583DB2 /* BusinessMasterController.swift */,
				90DAFA6D1F6D8BCB00583DB2 /* BusinessDetailController.swift */,
				901512731F7DCD8E00C388CF /* BusinessMasterPresenter.swift */,
			);
			name = BusinessController;
			sourceTree = "<group>";
		};
		90DAFA6F1F6D8C1100583DB2 /* Model */ = {
			isa = PBXGroup;
			children = (
				90066AD61F7F18450019A637 /* Translation */,
				90DAFA661F6C2BB400583DB2 /* Network */,
				90DAFA721F6D8CB500583DB2 /* Business.swift */,
				90066AD91F7F1A860019A637 /* ModelLayer.swift */,
			);
			name = Model;
			sourceTree = "<group>";
		};
		90DAFA741F6D8DB000583DB2 /* BusinessCell */ = {
			isa = PBXGroup;
			children = (
				90DAFA791F6DB37B00583DB2 /* BusinessCell.swift */,
				90DAFA7A1F6DB37B00583DB2 /* BusinessCell.xib */,
			);
			name = BusinessCell;
			sourceTree = "<group>";
		};
/* End PBXGroup section */

/* Begin PBXNativeTarget section */
		90DAFA341F6C066200583DB2 /* Pilot_Invitee */ = {
			isa = PBXNativeTarget;
			buildConfigurationList = 90DAFA5D1F6C066200583DB2 /* Build configuration list for PBXNativeTarget "Pilot_Invitee" */;
			buildPhases = (
				C5427DE6AD439182168497BF /* [CP] Check Pods Manifest.lock */,
				90DAFA311F6C066200583DB2 /* Sources */,
				90DAFA321F6C066200583DB2 /* Frameworks */,
				90DAFA331F6C066200583DB2 /* Resources */,
				DF31485A48BCD94CBFD64467 /* [CP] Embed Pods Frameworks */,
				F8842315DA68945FE26CC497 /* [CP] Copy Pods Resources */,
			);
			buildRules = (
			);
			dependencies = (
			);
			name = Pilot_Invitee;
			productName = Pilot_Invitee;
			productReference = 90DAFA351F6C066200583DB2 /* Pilot_Invitee.app */;
			productType = "com.apple.product-type.application";
		};
		90DAFA481F6C066200583DB2 /* Pilot_InviteeTests */ = {
			isa = PBXNativeTarget;
			buildConfigurationList = 90DAFA601F6C066200583DB2 /* Build configuration list for PBXNativeTarget "Pilot_InviteeTests" */;
			buildPhases = (
				90DAFA451F6C066200583DB2 /* Sources */,
				90DAFA461F6C066200583DB2 /* Frameworks */,
				90DAFA471F6C066200583DB2 /* Resources */,
			);
			buildRules = (
			);
			dependencies = (
				90DAFA4B1F6C066200583DB2 /* PBXTargetDependency */,
			);
			name = Pilot_InviteeTests;
			productName = Pilot_InviteeTests;
			productReference = 90DAFA491F6C066200583DB2 /* Pilot_InviteeTests.xctest */;
			productType = "com.apple.product-type.bundle.unit-test";
		};
		90DAFA531F6C066200583DB2 /* Pilot_InviteeUITests */ = {
			isa = PBXNativeTarget;
			buildConfigurationList = 90DAFA631F6C066200583DB2 /* Build configuration list for PBXNativeTarget "Pilot_InviteeUITests" */;
			buildPhases = (
				90DAFA501F6C066200583DB2 /* Sources */,
				90DAFA511F6C066200583DB2 /* Frameworks */,
				90DAFA521F6C066200583DB2 /* Resources */,
			);
			buildRules = (
			);
			dependencies = (
				90DAFA561F6C066200583DB2 /* PBXTargetDependency */,
			);
			name = Pilot_InviteeUITests;
			productName = Pilot_InviteeUITests;
			productReference = 90DAFA541F6C066200583DB2 /* Pilot_InviteeUITests.xctest */;
			productType = "com.apple.product-type.bundle.ui-testing";
		};
/* End PBXNativeTarget section */

/* Begin PBXProject section */
		90DAFA2D1F6C066200583DB2 /* Project object */ = {
			isa = PBXProject;
			attributes = {
				LastSwiftUpdateCheck = 0830;
				LastUpgradeCheck = 0830;
				ORGANIZATIONNAME = "Gokula K Narasimhan";
				TargetAttributes = {
					90DAFA341F6C066200583DB2 = {
						CreatedOnToolsVersion = 8.3.3;
						DevelopmentTeam = RTEDH52U6R;
						ProvisioningStyle = Automatic;
					};
					90DAFA481F6C066200583DB2 = {
						CreatedOnToolsVersion = 8.3.3;
						ProvisioningStyle = Automatic;
						TestTargetID = 90DAFA341F6C066200583DB2;
					};
					90DAFA531F6C066200583DB2 = {
						CreatedOnToolsVersion = 8.3.3;
						ProvisioningStyle = Automatic;
						TestTargetID = 90DAFA341F6C066200583DB2;
					};
				};
			};
			buildConfigurationList = 90DAFA301F6C066200583DB2 /* Build configuration list for PBXProject "Pilot_Invitee" */;
			compatibilityVersion = "Xcode 3.2";
			developmentRegion = English;
			hasScannedForEncodings = 0;
			knownRegions = (
				en,
				Base,
			);
			mainGroup = 90DAFA2C1F6C066200583DB2;
			productRefGroup = 90DAFA361F6C066200583DB2 /* Products */;
			projectDirPath = "";
			projectRoot = "";
			targets = (
				90DAFA341F6C066200583DB2 /* Pilot_Invitee */,
				90DAFA481F6C066200583DB2 /* Pilot_InviteeTests */,
				90DAFA531F6C066200583DB2 /* Pilot_InviteeUITests */,
			);
		};
/* End PBXProject section */

/* Begin PBXResourcesBuildPhase section */
		90DAFA331F6C066200583DB2 /* Resources */ = {
			isa = PBXResourcesBuildPhase;
			buildActionMask = 2147483647;
			files = (
				90DAFA431F6C066200583DB2 /* LaunchScreen.storyboard in Resources */,
				90DAFA7C1F6DB37B00583DB2 /* BusinessCell.xib in Resources */,
				90DAFA401F6C066200583DB2 /* Assets.xcassets in Resources */,
				90DAFA3E1F6C066200583DB2 /* Main.storyboard in Resources */,
			);
			runOnlyForDeploymentPostprocessing = 0;
		};
		90DAFA471F6C066200583DB2 /* Resources */ = {
			isa = PBXResourcesBuildPhase;
			buildActionMask = 2147483647;
			files = (
			);
			runOnlyForDeploymentPostprocessing = 0;
		};
		90DAFA521F6C066200583DB2 /* Resources */ = {
			isa = PBXResourcesBuildPhase;
			buildActionMask = 2147483647;
			files = (
			);
			runOnlyForDeploymentPostprocessing = 0;
		};
/* End PBXResourcesBuildPhase section */

/* Begin PBXShellScriptBuildPhase section */
		C5427DE6AD439182168497BF /* [CP] Check Pods Manifest.lock */ = {
			isa = PBXShellScriptBuildPhase;
			buildActionMask = 2147483647;
			files = (
			);
			inputPaths = (
				"${PODS_PODFILE_DIR_PATH}/Podfile.lock",
				"${PODS_ROOT}/Manifest.lock",
			);
			name = "[CP] Check Pods Manifest.lock";
			outputPaths = (
				"$(DERIVED_FILE_DIR)/Pods-Pilot_Invitee-checkManifestLockResult.txt",
			);
			runOnlyForDeploymentPostprocessing = 0;
			shellPath = /bin/sh;
			shellScript = "diff \"${PODS_PODFILE_DIR_PATH}/Podfile.lock\" \"${PODS_ROOT}/Manifest.lock\" > /dev/null\nif [ $? != 0 ] ; then\n    # print error to STDERR\n    echo \"error: The sandbox is not in sync with the Podfile.lock. Run 'pod install' or update your CocoaPods installation.\" >&2\n    exit 1\nfi\n# This output is used by Xcode 'outputs' to avoid re-running this script phase.\necho \"SUCCESS\" > \"${SCRIPT_OUTPUT_FILE_0}\"\n";
			showEnvVarsInLog = 0;
		};
		DF31485A48BCD94CBFD64467 /* [CP] Embed Pods Frameworks */ = {
			isa = PBXShellScriptBuildPhase;
			buildActionMask = 2147483647;
			files = (
			);
			inputPaths = (
				"${SRCROOT}/Pods/Target Support Files/Pods-Pilot_Invitee/Pods-Pilot_Invitee-frameworks.sh",
				"${BUILT_PRODUCTS_DIR}/Alamofire/Alamofire.framework",
				"${BUILT_PRODUCTS_DIR}/Outlaw/Outlaw.framework",
				"${BUILT_PRODUCTS_DIR}/RxCocoa/RxCocoa.framework",
				"${BUILT_PRODUCTS_DIR}/RxDataSources/RxDataSources.framework",
				"${BUILT_PRODUCTS_DIR}/RxSwift/RxSwift.framework",
				"${BUILT_PRODUCTS_DIR}/Swifter/Swifter.framework",
				"${BUILT_PRODUCTS_DIR}/Swinject/Swinject.framework",
				"${BUILT_PRODUCTS_DIR}/SwinjectStoryboard/SwinjectStoryboard.framework",
				"${BUILT_PRODUCTS_DIR}/Toaster/Toaster.framework",
			);
			name = "[CP] Embed Pods Frameworks";
			outputPaths = (
				"${TARGET_BUILD_DIR}/${FRAMEWORKS_FOLDER_PATH}/Alamofire.framework",
				"${TARGET_BUILD_DIR}/${FRAMEWORKS_FOLDER_PATH}/Outlaw.framework",
				"${TARGET_BUILD_DIR}/${FRAMEWORKS_FOLDER_PATH}/RxCocoa.framework",
				"${TARGET_BUILD_DIR}/${FRAMEWORKS_FOLDER_PATH}/RxDataSources.framework",
				"${TARGET_BUILD_DIR}/${FRAMEWORKS_FOLDER_PATH}/RxSwift.framework",
				"${TARGET_BUILD_DIR}/${FRAMEWORKS_FOLDER_PATH}/Swifter.framework",
				"${TARGET_BUILD_DIR}/${FRAMEWORKS_FOLDER_PATH}/Swinject.framework",
				"${TARGET_BUILD_DIR}/${FRAMEWORKS_FOLDER_PATH}/SwinjectStoryboard.framework",
				"${TARGET_BUILD_DIR}/${FRAMEWORKS_FOLDER_PATH}/Toaster.framework",
			);
			runOnlyForDeploymentPostprocessing = 0;
			shellPath = /bin/sh;
			shellScript = "\"${SRCROOT}/Pods/Target Support Files/Pods-Pilot_Invitee/Pods-Pilot_Invitee-frameworks.sh\"\n";
			showEnvVarsInLog = 0;
		};
		F8842315DA68945FE26CC497 /* [CP] Copy Pods Resources */ = {
			isa = PBXShellScriptBuildPhase;
			buildActionMask = 2147483647;
			files = (
			);
			inputPaths = (
			);
			name = "[CP] Copy Pods Resources";
			outputPaths = (
			);
			runOnlyForDeploymentPostprocessing = 0;
			shellPath = /bin/sh;
			shellScript = "\"${SRCROOT}/Pods/Target Support Files/Pods-Pilot_Invitee/Pods-Pilot_Invitee-resources.sh\"\n";
			showEnvVarsInLog = 0;
		};
/* End PBXShellScriptBuildPhase section */

/* Begin PBXSourcesBuildPhase section */
		90DAFA311F6C066200583DB2 /* Sources */ = {
			isa = PBXSourcesBuildPhase;
			buildActionMask = 2147483647;
			files = (
				90DAFA681F6C2BEC00583DB2 /* NetworkLayer.swift in Sources */,
				90066ADA1F7F1A860019A637 /* ModelLayer.swift in Sources */,
				90D0C9B81F78733700B80694 /* Extensions.swift in Sources */,
				90DAFA391F6C066200583DB2 /* AppDelegate.swift in Sources */,
				90DAFA6E1F6D8BCB00583DB2 /* BusinessDetailController.swift in Sources */,
				90066AD81F7F18880019A637 /* TranslationLayer.swift in Sources */,
				90DAFA6B1F6D8B1800583DB2 /* BusinessMasterController.swift in Sources */,
				90DAFA731F6D8CB500583DB2 /* Business.swift in Sources */,
				900A06D41F76C79D00F93496 /* LocationSearchPresenter.swift in Sources */,
				90DAFA7B1F6DB37B00583DB2 /* BusinessCell.swift in Sources */,
				901512741F7DCD8E00C388CF /* BusinessMasterPresenter.swift in Sources */,
				900A06D21F76C0E400F93496 /* LocationSearchController.swift in Sources */,
			);
			runOnlyForDeploymentPostprocessing = 0;
		};
		90DAFA451F6C066200583DB2 /* Sources */ = {
			isa = PBXSourcesBuildPhase;
			buildActionMask = 2147483647;
			files = (
				90DAFA4E1F6C066200583DB2 /* Pilot_InviteeTests.swift in Sources */,
			);
			runOnlyForDeploymentPostprocessing = 0;
		};
		90DAFA501F6C066200583DB2 /* Sources */ = {
			isa = PBXSourcesBuildPhase;
			buildActionMask = 2147483647;
			files = (
				90DAFA591F6C066200583DB2 /* Pilot_InviteeUITests.swift in Sources */,
			);
			runOnlyForDeploymentPostprocessing = 0;
		};
/* End PBXSourcesBuildPhase section */

/* Begin PBXTargetDependency section */
		90DAFA4B1F6C066200583DB2 /* PBXTargetDependency */ = {
			isa = PBXTargetDependency;
			target = 90DAFA341F6C066200583DB2 /* Pilot_Invitee */;
			targetProxy = 90DAFA4A1F6C066200583DB2 /* PBXContainerItemProxy */;
		};
		90DAFA561F6C066200583DB2 /* PBXTargetDependency */ = {
			isa = PBXTargetDependency;
			target = 90DAFA341F6C066200583DB2 /* Pilot_Invitee */;
			targetProxy = 90DAFA551F6C066200583DB2 /* PBXContainerItemProxy */;
		};
/* End PBXTargetDependency section */

/* Begin PBXVariantGroup section */
		90DAFA3C1F6C066200583DB2 /* Main.storyboard */ = {
			isa = PBXVariantGroup;
			children = (
				90DAFA3D1F6C066200583DB2 /* Base */,
			);
			name = Main.storyboard;
			sourceTree = "<group>";
		};
		90DAFA411F6C066200583DB2 /* LaunchScreen.storyboard */ = {
			isa = PBXVariantGroup;
			children = (
				90DAFA421F6C066200583DB2 /* Base */,
			);
			name = LaunchScreen.storyboard;
			sourceTree = "<group>";
		};
/* End PBXVariantGroup section */

/* Begin XCBuildConfiguration section */
		90DAFA5B1F6C066200583DB2 /* Debug */ = {
			isa = XCBuildConfiguration;
			buildSettings = {
				ALWAYS_SEARCH_USER_PATHS = NO;
				CLANG_ANALYZER_NONNULL = YES;
				CLANG_ANALYZER_NUMBER_OBJECT_CONVERSION = YES_AGGRESSIVE;
				CLANG_CXX_LANGUAGE_STANDARD = "gnu++0x";
				CLANG_CXX_LIBRARY = "libc++";
				CLANG_ENABLE_MODULES = YES;
				CLANG_ENABLE_OBJC_ARC = YES;
				CLANG_WARN_BOOL_CONVERSION = YES;
				CLANG_WARN_CONSTANT_CONVERSION = YES;
				CLANG_WARN_DIRECT_OBJC_ISA_USAGE = YES_ERROR;
				CLANG_WARN_DOCUMENTATION_COMMENTS = YES;
				CLANG_WARN_EMPTY_BODY = YES;
				CLANG_WARN_ENUM_CONVERSION = YES;
				CLANG_WARN_INFINITE_RECURSION = YES;
				CLANG_WARN_INT_CONVERSION = YES;
				CLANG_WARN_OBJC_ROOT_CLASS = YES_ERROR;
				CLANG_WARN_SUSPICIOUS_MOVE = YES;
				CLANG_WARN_UNREACHABLE_CODE = YES;
				CLANG_WARN__DUPLICATE_METHOD_MATCH = YES;
				"CODE_SIGN_IDENTITY[sdk=iphoneos*]" = "iPhone Developer";
				COPY_PHASE_STRIP = NO;
				DEBUG_INFORMATION_FORMAT = dwarf;
				ENABLE_STRICT_OBJC_MSGSEND = YES;
				ENABLE_TESTABILITY = YES;
				GCC_C_LANGUAGE_STANDARD = gnu99;
				GCC_DYNAMIC_NO_PIC = NO;
				GCC_NO_COMMON_BLOCKS = YES;
				GCC_OPTIMIZATION_LEVEL = 0;
				GCC_PREPROCESSOR_DEFINITIONS = (
					"DEBUG=1",
					"$(inherited)",
				);
				GCC_WARN_64_TO_32_BIT_CONVERSION = YES;
				GCC_WARN_ABOUT_RETURN_TYPE = YES_ERROR;
				GCC_WARN_UNDECLARED_SELECTOR = YES;
				GCC_WARN_UNINITIALIZED_AUTOS = YES_AGGRESSIVE;
				GCC_WARN_UNUSED_FUNCTION = YES;
				GCC_WARN_UNUSED_VARIABLE = YES;
				IPHONEOS_DEPLOYMENT_TARGET = 10.3;
				MTL_ENABLE_DEBUG_INFO = YES;
				ONLY_ACTIVE_ARCH = YES;
				SDKROOT = iphoneos;
				SWIFT_ACTIVE_COMPILATION_CONDITIONS = DEBUG;
				SWIFT_OPTIMIZATION_LEVEL = "-Onone";
				TARGETED_DEVICE_FAMILY = "1,2";
			};
			name = Debug;
		};
		90DAFA5C1F6C066200583DB2 /* Release */ = {
			isa = XCBuildConfiguration;
			buildSettings = {
				ALWAYS_SEARCH_USER_PATHS = NO;
				CLANG_ANALYZER_NONNULL = YES;
				CLANG_ANALYZER_NUMBER_OBJECT_CONVERSION = YES_AGGRESSIVE;
				CLANG_CXX_LANGUAGE_STANDARD = "gnu++0x";
				CLANG_CXX_LIBRARY = "libc++";
				CLANG_ENABLE_MODULES = YES;
				CLANG_ENABLE_OBJC_ARC = YES;
				CLANG_WARN_BOOL_CONVERSION = YES;
				CLANG_WARN_CONSTANT_CONVERSION = YES;
				CLANG_WARN_DIRECT_OBJC_ISA_USAGE = YES_ERROR;
				CLANG_WARN_DOCUMENTATION_COMMENTS = YES;
				CLANG_WARN_EMPTY_BODY = YES;
				CLANG_WARN_ENUM_CONVERSION = YES;
				CLANG_WARN_INFINITE_RECURSION = YES;
				CLANG_WARN_INT_CONVERSION = YES;
				CLANG_WARN_OBJC_ROOT_CLASS = YES_ERROR;
				CLANG_WARN_SUSPICIOUS_MOVE = YES;
				CLANG_WARN_UNREACHABLE_CODE = YES;
				CLANG_WARN__DUPLICATE_METHOD_MATCH = YES;
				"CODE_SIGN_IDENTITY[sdk=iphoneos*]" = "iPhone Developer";
				COPY_PHASE_STRIP = NO;
				DEBUG_INFORMATION_FORMAT = "dwarf-with-dsym";
				ENABLE_NS_ASSERTIONS = NO;
				ENABLE_STRICT_OBJC_MSGSEND = YES;
				GCC_C_LANGUAGE_STANDARD = gnu99;
				GCC_NO_COMMON_BLOCKS = YES;
				GCC_WARN_64_TO_32_BIT_CONVERSION = YES;
				GCC_WARN_ABOUT_RETURN_TYPE = YES_ERROR;
				GCC_WARN_UNDECLARED_SELECTOR = YES;
				GCC_WARN_UNINITIALIZED_AUTOS = YES_AGGRESSIVE;
				GCC_WARN_UNUSED_FUNCTION = YES;
				GCC_WARN_UNUSED_VARIABLE = YES;
				IPHONEOS_DEPLOYMENT_TARGET = 10.3;
				MTL_ENABLE_DEBUG_INFO = NO;
				SDKROOT = iphoneos;
				SWIFT_OPTIMIZATION_LEVEL = "-Owholemodule";
				TARGETED_DEVICE_FAMILY = "1,2";
				VALIDATE_PRODUCT = YES;
			};
			name = Release;
		};
		90DAFA5E1F6C066200583DB2 /* Debug */ = {
			isa = XCBuildConfiguration;
			baseConfigurationReference = 1F7ECF2614FD3AA4C3141EFE /* Pods-Pilot_Invitee.debug.xcconfig */;
			buildSettings = {
				ASSETCATALOG_COMPILER_APPICON_NAME = AppIcon;
				DEVELOPMENT_TEAM = RTEDH52U6R;
				INFOPLIST_FILE = Pilot_Invitee/Info.plist;
				IPHONEOS_DEPLOYMENT_TARGET = 11.0;
				LD_RUNPATH_SEARCH_PATHS = "$(inherited) @executable_path/Frameworks";
				PRODUCT_BUNDLE_IDENTIFIER = "Gokul-Narasimhan.Pilot-Invitee";
				PRODUCT_NAME = "$(TARGET_NAME)";
				SWIFT_VERSION = 3.0;
			};
			name = Debug;
		};
		90DAFA5F1F6C066200583DB2 /* Release */ = {
			isa = XCBuildConfiguration;
			baseConfigurationReference = 92F88533AE3D57E9FFF63A84 /* Pods-Pilot_Invitee.release.xcconfig */;
			buildSettings = {
				ASSETCATALOG_COMPILER_APPICON_NAME = AppIcon;
				DEVELOPMENT_TEAM = RTEDH52U6R;
				INFOPLIST_FILE = Pilot_Invitee/Info.plist;
				IPHONEOS_DEPLOYMENT_TARGET = 11.0;
				LD_RUNPATH_SEARCH_PATHS = "$(inherited) @executable_path/Frameworks";
				PRODUCT_BUNDLE_IDENTIFIER = "Gokul-Narasimhan.Pilot-Invitee";
				PRODUCT_NAME = "$(TARGET_NAME)";
				SWIFT_VERSION = 3.0;
			};
			name = Release;
		};
		90DAFA611F6C066200583DB2 /* Debug */ = {
			isa = XCBuildConfiguration;
			buildSettings = {
				ALWAYS_EMBED_SWIFT_STANDARD_LIBRARIES = YES;
				BUNDLE_LOADER = "$(TEST_HOST)";
				INFOPLIST_FILE = Pilot_InviteeTests/Info.plist;
				LD_RUNPATH_SEARCH_PATHS = "$(inherited) @executable_path/Frameworks @loader_path/Frameworks";
				PRODUCT_BUNDLE_IDENTIFIER = "Gokul-Narasimhan.Pilot-InviteeTests";
				PRODUCT_NAME = "$(TARGET_NAME)";
				SWIFT_VERSION = 3.0;
				TEST_HOST = "$(BUILT_PRODUCTS_DIR)/Pilot_Invitee.app/Pilot_Invitee";
			};
			name = Debug;
		};
		90DAFA621F6C066200583DB2 /* Release */ = {
			isa = XCBuildConfiguration;
			buildSettings = {
				ALWAYS_EMBED_SWIFT_STANDARD_LIBRARIES = YES;
				BUNDLE_LOADER = "$(TEST_HOST)";
				INFOPLIST_FILE = Pilot_InviteeTests/Info.plist;
				LD_RUNPATH_SEARCH_PATHS = "$(inherited) @executable_path/Frameworks @loader_path/Frameworks";
				PRODUCT_BUNDLE_IDENTIFIER = "Gokul-Narasimhan.Pilot-InviteeTests";
				PRODUCT_NAME = "$(TARGET_NAME)";
				SWIFT_VERSION = 3.0;
				TEST_HOST = "$(BUILT_PRODUCTS_DIR)/Pilot_Invitee.app/Pilot_Invitee";
			};
			name = Release;
		};
		90DAFA641F6C066200583DB2 /* Debug */ = {
			isa = XCBuildConfiguration;
			buildSettings = {
				ALWAYS_EMBED_SWIFT_STANDARD_LIBRARIES = YES;
				INFOPLIST_FILE = Pilot_InviteeUITests/Info.plist;
				LD_RUNPATH_SEARCH_PATHS = "$(inherited) @executable_path/Frameworks @loader_path/Frameworks";
				PRODUCT_BUNDLE_IDENTIFIER = "Gokul-Narasimhan.Pilot-InviteeUITests";
				PRODUCT_NAME = "$(TARGET_NAME)";
				SWIFT_VERSION = 3.0;
				TEST_TARGET_NAME = Pilot_Invitee;
			};
			name = Debug;
		};
		90DAFA651F6C066200583DB2 /* Release */ = {
			isa = XCBuildConfiguration;
			buildSettings = {
				ALWAYS_EMBED_SWIFT_STANDARD_LIBRARIES = YES;
				INFOPLIST_FILE = Pilot_InviteeUITests/Info.plist;
				LD_RUNPATH_SEARCH_PATHS = "$(inherited) @executable_path/Frameworks @loader_path/Frameworks";
				PRODUCT_BUNDLE_IDENTIFIER = "Gokul-Narasimhan.Pilot-InviteeUITests";
				PRODUCT_NAME = "$(TARGET_NAME)";
				SWIFT_VERSION = 3.0;
				TEST_TARGET_NAME = Pilot_Invitee;
			};
			name = Release;
		};
/* End XCBuildConfiguration section */

/* Begin XCConfigurationList section */
		90DAFA301F6C066200583DB2 /* Build configuration list for PBXProject "Pilot_Invitee" */ = {
			isa = XCConfigurationList;
			buildConfigurations = (
				90DAFA5B1F6C066200583DB2 /* Debug */,
				90DAFA5C1F6C066200583DB2 /* Release */,
			);
			defaultConfigurationIsVisible = 0;
			defaultConfigurationName = Release;
		};
		90DAFA5D1F6C066200583DB2 /* Build configuration list for PBXNativeTarget "Pilot_Invitee" */ = {
			isa = XCConfigurationList;
			buildConfigurations = (
				90DAFA5E1F6C066200583DB2 /* Debug */,
				90DAFA5F1F6C066200583DB2 /* Release */,
			);
			defaultConfigurationIsVisible = 0;
			defaultConfigurationName = Release;
		};
		90DAFA601F6C066200583DB2 /* Build configuration list for PBXNativeTarget "Pilot_InviteeTests" */ = {
			isa = XCConfigurationList;
			buildConfigurations = (
				90DAFA611F6C066200583DB2 /* Debug */,
				90DAFA621F6C066200583DB2 /* Release */,
			);
			defaultConfigurationIsVisible = 0;
			defaultConfigurationName = Release;
		};
		90DAFA631F6C066200583DB2 /* Build configuration list for PBXNativeTarget "Pilot_InviteeUITests" */ = {
			isa = XCConfigurationList;
			buildConfigurations = (
				90DAFA641F6C066200583DB2 /* Debug */,
				90DAFA651F6C066200583DB2 /* Release */,
			);
			defaultConfigurationIsVisible = 0;
			defaultConfigurationName = Release;
		};
/* End XCConfigurationList section */
	};
	rootObject = 90DAFA2D1F6C066200583DB2 /* Project object */;
}
